// !$*UTF8*$!
{
	archiveVersion = 1;
	classes = {
	};
	objectVersion = 56;
	objects = {

/* Begin PBXBuildFile section */
		9271BF6E2B7BF30A0009D89F /* OptionalViewController.swift in Sources */ = {isa = PBXBuildFile; fileRef = 9271BF6D2B7BF30A0009D89F /* OptionalViewController.swift */; };
		92F7044A2B5D9BB3007389E8 /* AppDelegate.swift in Sources */ = {isa = PBXBuildFile; fileRef = 92F704492B5D9BB3007389E8 /* AppDelegate.swift */; };
		92F7044C2B5D9BB3007389E8 /* SceneDelegate.swift in Sources */ = {isa = PBXBuildFile; fileRef = 92F7044B2B5D9BB3007389E8 /* SceneDelegate.swift */; };
		92F704512B5D9BB3007389E8 /* Main.storyboard in Resources */ = {isa = PBXBuildFile; fileRef = 92F7044F2B5D9BB3007389E8 /* Main.storyboard */; };
		92F704532B5D9BB4007389E8 /* Assets.xcassets in Resources */ = {isa = PBXBuildFile; fileRef = 92F704522B5D9BB4007389E8 /* Assets.xcassets */; };
		92F704562B5D9BB4007389E8 /* LaunchScreen.storyboard in Resources */ = {isa = PBXBuildFile; fileRef = 92F704542B5D9BB4007389E8 /* LaunchScreen.storyboard */; };
		92F7045E2B5EBA36007389E8 /* ViewController.swift in Sources */ = {isa = PBXBuildFile; fileRef = 92F7045D2B5EBA36007389E8 /* ViewController.swift */; };
		92F704602B5EBCB1007389E8 /* Petition.swift in Sources */ = {isa = PBXBuildFile; fileRef = 92F7045F2B5EBCB1007389E8 /* Petition.swift */; };
		92F704642B5EBEA0007389E8 /* Petitions.swift in Sources */ = {isa = PBXBuildFile; fileRef = 92F704632B5EBEA0007389E8 /* Petitions.swift */; };
		92F704682B5FF4E3007389E8 /* ReadMoreViewController.swift in Sources */ = {isa = PBXBuildFile; fileRef = 92F704672B5FF4E3007389E8 /* ReadMoreViewController.swift */; };
		92F7046E2B619E19007389E8 /* mypetition.json in Resources */ = {isa = PBXBuildFile; fileRef = 92F7046D2B619E19007389E8 /* mypetition.json */; };
		92F704702B624A81007389E8 /* URLs in Swift.html in Resources */ = {isa = PBXBuildFile; fileRef = 92F7046F2B624A81007389E8 /* URLs in Swift.html */; };
		92F704722B625AF9007389E8 /* testJson.json in Resources */ = {isa = PBXBuildFile; fileRef = 92F704712B625AF9007389E8 /* testJson.json */; };
/* End PBXBuildFile section */

/* Begin PBXFileReference section */
		9271BF6D2B7BF30A0009D89F /* OptionalViewController.swift */ = {isa = PBXFileReference; fileEncoding = 4; lastKnownFileType = sourcecode.swift; path = OptionalViewController.swift; sourceTree = "<group>"; };
		92F704462B5D9BB3007389E8 /* Project9.app */ = {isa = PBXFileReference; explicitFileType = wrapper.application; includeInIndex = 0; path = Project9.app; sourceTree = BUILT_PRODUCTS_DIR; };
		92F704492B5D9BB3007389E8 /* AppDelegate.swift */ = {isa = PBXFileReference; lastKnownFileType = sourcecode.swift; path = AppDelegate.swift; sourceTree = "<group>"; };
		92F7044B2B5D9BB3007389E8 /* SceneDelegate.swift */ = {isa = PBXFileReference; lastKnownFileType = sourcecode.swift; path = SceneDelegate.swift; sourceTree = "<group>"; };
		92F704502B5D9BB3007389E8 /* Base */ = {isa = PBXFileReference; lastKnownFileType = file.storyboard; name = Base; path = Base.lproj/Main.storyboard; sourceTree = "<group>"; };
		92F704522B5D9BB4007389E8 /* Assets.xcassets */ = {isa = PBXFileReference; lastKnownFileType = folder.assetcatalog; path = Assets.xcassets; sourceTree = "<group>"; };
		92F704552B5D9BB4007389E8 /* Base */ = {isa = PBXFileReference; lastKnownFileType = file.storyboard; name = Base; path = Base.lproj/LaunchScreen.storyboard; sourceTree = "<group>"; };
		92F704572B5D9BB4007389E8 /* Info.plist */ = {isa = PBXFileReference; lastKnownFileType = text.plist.xml; path = Info.plist; sourceTree = "<group>"; };
		92F7045D2B5EBA36007389E8 /* ViewController.swift */ = {isa = PBXFileReference; lastKnownFileType = sourcecode.swift; path = ViewController.swift; sourceTree = "<group>"; };
		92F7045F2B5EBCB1007389E8 /* Petition.swift */ = {isa = PBXFileReference; lastKnownFileType = sourcecode.swift; path = Petition.swift; sourceTree = "<group>"; };
		92F704632B5EBEA0007389E8 /* Petitions.swift */ = {isa = PBXFileReference; lastKnownFileType = sourcecode.swift; path = Petitions.swift; sourceTree = "<group>"; };
		92F704672B5FF4E3007389E8 /* ReadMoreViewController.swift */ = {isa = PBXFileReference; lastKnownFileType = sourcecode.swift; path = ReadMoreViewController.swift; sourceTree = "<group>"; };
		92F7046D2B619E19007389E8 /* mypetition.json */ = {isa = PBXFileReference; fileEncoding = 4; lastKnownFileType = text.json; path = mypetition.json; sourceTree = SOURCE_ROOT; };
		92F7046F2B624A81007389E8 /* URLs in Swift.html */ = {isa = PBXFileReference; fileEncoding = 4; lastKnownFileType = text.html; path = "URLs in Swift.html"; sourceTree = SOURCE_ROOT; };
		92F704712B625AF9007389E8 /* testJson.json */ = {isa = PBXFileReference; lastKnownFileType = text.json; path = testJson.json; sourceTree = "<group>"; };
/* End PBXFileReference section */

/* Begin PBXFrameworksBuildPhase section */
		92F704432B5D9BB3007389E8 /* Frameworks */ = {
			isa = PBXFrameworksBuildPhase;
			buildActionMask = 2147483647;
			files = (
			);
			runOnlyForDeploymentPostprocessing = 0;
		};
/* End PBXFrameworksBuildPhase section */

/* Begin PBXGroup section */
		92F7043D2B5D9BB3007389E8 = {
			isa = PBXGroup;
			children = (
				92F704482B5D9BB3007389E8 /* Project7 */,
				92F704472B5D9BB3007389E8 /* Products */,
			);
			sourceTree = "<group>";
		};
		92F704472B5D9BB3007389E8 /* Products */ = {
			isa = PBXGroup;
			children = (
				92F704462B5D9BB3007389E8 /* Project9.app */,
			);
			name = Products;
			sourceTree = "<group>";
		};
		92F704482B5D9BB3007389E8 /* Project7 */ = {
			isa = PBXGroup;
			children = (
				92F704492B5D9BB3007389E8 /* AppDelegate.swift */,
				92F7044B2B5D9BB3007389E8 /* SceneDelegate.swift */,
				92F7044F2B5D9BB3007389E8 /* Main.storyboard */,
				92F704672B5FF4E3007389E8 /* ReadMoreViewController.swift */,
				92F7045D2B5EBA36007389E8 /* ViewController.swift */,
				92F704712B625AF9007389E8 /* testJson.json */,
				92F7045F2B5EBCB1007389E8 /* Petition.swift */,
				92F704632B5EBEA0007389E8 /* Petitions.swift */,
				92F704542B5D9BB4007389E8 /* LaunchScreen.storyboard */,
				92F704522B5D9BB4007389E8 /* Assets.xcassets */,
				92F7046D2B619E19007389E8 /* mypetition.json */,
				92F704572B5D9BB4007389E8 /* Info.plist */,
				92F7046F2B624A81007389E8 /* URLs in Swift.html */,
				9271BF6D2B7BF30A0009D89F /* OptionalViewController.swift */,
			);
			path = Project7;
			sourceTree = "<group>";
		};
/* End PBXGroup section */

/* Begin PBXNativeTarget section */
		92F704452B5D9BB3007389E8 /* Project9 */ = {
			isa = PBXNativeTarget;
			buildConfigurationList = 92F7045A2B5D9BB4007389E8 /* Build configuration list for PBXNativeTarget "Project9" */;
			buildPhases = (
				92F704422B5D9BB3007389E8 /* Sources */,
				92F704432B5D9BB3007389E8 /* Frameworks */,
				92F704442B5D9BB3007389E8 /* Resources */,
			);
			buildRules = (
			);
			dependencies = (
			);
			name = Project9;
			productName = Project7;
			productReference = 92F704462B5D9BB3007389E8 /* Project9.app */;
			productType = "com.apple.product-type.application";
		};
/* End PBXNativeTarget section */

/* Begin PBXProject section */
		92F7043E2B5D9BB3007389E8 /* Project object */ = {
			isa = PBXProject;
			attributes = {
				BuildIndependentTargetsInParallel = 1;
				LastSwiftUpdateCheck = 1520;
				LastUpgradeCheck = 1520;
				TargetAttributes = {
					92F704452B5D9BB3007389E8 = {
						CreatedOnToolsVersion = 15.2;
					};
				};
			};
			buildConfigurationList = 92F704412B5D9BB3007389E8 /* Build configuration list for PBXProject "Project9" */;
			compatibilityVersion = "Xcode 14.0";
			developmentRegion = en;
			hasScannedForEncodings = 0;
			knownRegions = (
				en,
				Base,
			);
			mainGroup = 92F7043D2B5D9BB3007389E8;
			productRefGroup = 92F704472B5D9BB3007389E8 /* Products */;
			projectDirPath = "";
			projectRoot = "";
			targets = (
				92F704452B5D9BB3007389E8 /* Project9 */,
			);
		};
/* End PBXProject section */

/* Begin PBXResourcesBuildPhase section */
		92F704442B5D9BB3007389E8 /* Resources */ = {
			isa = PBXResourcesBuildPhase;
			buildActionMask = 2147483647;
			files = (
				92F704562B5D9BB4007389E8 /* LaunchScreen.storyboard in Resources */,
				92F704722B625AF9007389E8 /* testJson.json in Resources */,
				92F7046E2B619E19007389E8 /* mypetition.json in Resources */,
				92F704702B624A81007389E8 /* URLs in Swift.html in Resources */,
				92F704532B5D9BB4007389E8 /* Assets.xcassets in Resources */,
				92F704512B5D9BB3007389E8 /* Main.storyboard in Resources */,
			);
			runOnlyForDeploymentPostprocessing = 0;
		};
/* End PBXResourcesBuildPhase section */

/* Begin PBXSourcesBuildPhase section */
		92F704422B5D9BB3007389E8 /* Sources */ = {
			isa = PBXSourcesBuildPhase;
			buildActionMask = 2147483647;
			files = (
				92F7045E2B5EBA36007389E8 /* ViewController.swift in Sources */,
				92F704602B5EBCB1007389E8 /* Petition.swift in Sources */,
				9271BF6E2B7BF30A0009D89F /* OptionalViewController.swift in Sources */,
				92F7044A2B5D9BB3007389E8 /* AppDelegate.swift in Sources */,
				92F7044C2B5D9BB3007389E8 /* SceneDelegate.swift in Sources */,
				92F704642B5EBEA0007389E8 /* Petitions.swift in Sources */,
				92F704682B5FF4E3007389E8 /* ReadMoreViewController.swift in Sources */,
			);
			runOnlyForDeploymentPostprocessing = 0;
		};
/* End PBXSourcesBuildPhase section */

/* Begin PBXVariantGroup section */
		92F7044F2B5D9BB3007389E8 /* Main.storyboard */ = {
			isa = PBXVariantGroup;
			children = (
				92F704502B5D9BB3007389E8 /* Base */,
			);
			name = Main.storyboard;
			sourceTree = "<group>";
		};
		92F704542B5D9BB4007389E8 /* LaunchScreen.storyboard */ = {
			isa = PBXVariantGroup;
			children = (
				92F704552B5D9BB4007389E8 /* Base */,
			);
			name = LaunchScreen.storyboard;
			sourceTree = "<group>";
		};
/* End PBXVariantGroup section */

/* Begin XCBuildConfiguration section */
		92F704582B5D9BB4007389E8 /* Debug */ = {
			isa = XCBuildConfiguration;
			buildSettings = {
				ALWAYS_SEARCH_USER_PATHS = NO;
				ASSETCATALOG_COMPILER_GENERATE_SWIFT_ASSET_SYMBOL_EXTENSIONS = YES;
				CLANG_ANALYZER_NONNULL = YES;
				CLANG_ANALYZER_NUMBER_OBJECT_CONVERSION = YES_AGGRESSIVE;
				CLANG_CXX_LANGUAGE_STANDARD = "gnu++20";
				CLANG_ENABLE_MODULES = YES;
				CLANG_ENABLE_OBJC_ARC = YES;
				CLANG_ENABLE_OBJC_WEAK = YES;
				CLANG_WARN_BLOCK_CAPTURE_AUTORELEASING = YES;
				CLANG_WARN_BOOL_CONVERSION = YES;
				CLANG_WARN_COMMA = YES;
				CLANG_WARN_CONSTANT_CONVERSION = YES;
				CLANG_WARN_DEPRECATED_OBJC_IMPLEMENTATIONS = YES;
				CLANG_WARN_DIRECT_OBJC_ISA_USAGE = YES_ERROR;
				CLANG_WARN_DOCUMENTATION_COMMENTS = YES;
				CLANG_WARN_EMPTY_BODY = YES;
				CLANG_WARN_ENUM_CONVERSION = YES;
				CLANG_WARN_INFINITE_RECURSION = YES;
				CLANG_WARN_INT_CONVERSION = YES;
				CLANG_WARN_NON_LITERAL_NULL_CONVERSION = YES;
				CLANG_WARN_OBJC_IMPLICIT_RETAIN_SELF = YES;
				CLANG_WARN_OBJC_LITERAL_CONVERSION = YES;
				CLANG_WARN_OBJC_ROOT_CLASS = YES_ERROR;
				CLANG_WARN_QUOTED_INCLUDE_IN_FRAMEWORK_HEADER = YES;
				CLANG_WARN_RANGE_LOOP_ANALYSIS = YES;
				CLANG_WARN_STRICT_PROTOTYPES = YES;
				CLANG_WARN_SUSPICIOUS_MOVE = YES;
				CLANG_WARN_UNGUARDED_AVAILABILITY = YES_AGGRESSIVE;
				CLANG_WARN_UNREACHABLE_CODE = YES;
				CLANG_WARN__DUPLICATE_METHOD_MATCH = YES;
				COPY_PHASE_STRIP = NO;
				DEBUG_INFORMATION_FORMAT = dwarf;
				ENABLE_STRICT_OBJC_MSGSEND = YES;
				ENABLE_TESTABILITY = YES;
				ENABLE_USER_SCRIPT_SANDBOXING = YES;
				GCC_C_LANGUAGE_STANDARD = gnu17;
				GCC_DYNAMIC_NO_PIC = NO;
				GCC_NO_COMMON_BLOCKS = YES;
				GCC_OPTIMIZATION_LEVEL = 0;
				GCC_PREPROCESSOR_DEFINITIONS = (
					"DEBUG=1",
					"$(inherited)",
				);
				GCC_WARN_64_TO_32_BIT_CONVERSION = YES;
				GCC_WARN_ABOUT_RETURN_TYPE = YES_ERROR;
				GCC_WARN_UNDECLARED_SELECTOR = YES;
				GCC_WARN_UNINITIALIZED_AUTOS = YES_AGGRESSIVE;
				GCC_WARN_UNUSED_FUNCTION = YES;
				GCC_WARN_UNUSED_VARIABLE = YES;
				IPHONEOS_DEPLOYMENT_TARGET = 17.2;
				LOCALIZATION_PREFERS_STRING_CATALOGS = YES;
				MTL_ENABLE_DEBUG_INFO = INCLUDE_SOURCE;
				MTL_FAST_MATH = YES;
				ONLY_ACTIVE_ARCH = YES;
				SDKROOT = iphoneos;
				SWIFT_ACTIVE_COMPILATION_CONDITIONS = "DEBUG $(inherited)";
				SWIFT_OPTIMIZATION_LEVEL = "-Onone";
			};
			name = Debug;
		};
		92F704592B5D9BB4007389E8 /* Release */ = {
			isa = XCBuildConfiguration;
			buildSettings = {
				ALWAYS_SEARCH_USER_PATHS = NO;
				ASSETCATALOG_COMPILER_GENERATE_SWIFT_ASSET_SYMBOL_EXTENSIONS = YES;
				CLANG_ANALYZER_NONNULL = YES;
				CLANG_ANALYZER_NUMBER_OBJECT_CONVERSION = YES_AGGRESSIVE;
				CLANG_CXX_LANGUAGE_STANDARD = "gnu++20";
				CLANG_ENABLE_MODULES = YES;
				CLANG_ENABLE_OBJC_ARC = YES;
				CLANG_ENABLE_OBJC_WEAK = YES;
				CLANG_WARN_BLOCK_CAPTURE_AUTORELEASING = YES;
				CLANG_WARN_BOOL_CONVERSION = YES;
				CLANG_WARN_COMMA = YES;
				CLANG_WARN_CONSTANT_CONVERSION = YES;
				CLANG_WARN_DEPRECATED_OBJC_IMPLEMENTATIONS = YES;
				CLANG_WARN_DIRECT_OBJC_ISA_USAGE = YES_ERROR;
				CLANG_WARN_DOCUMENTATION_COMMENTS = YES;
				CLANG_WARN_EMPTY_BODY = YES;
				CLANG_WARN_ENUM_CONVERSION = YES;
				CLANG_WARN_INFINITE_RECURSION = YES;
				CLANG_WARN_INT_CONVERSION = YES;
				CLANG_WARN_NON_LITERAL_NULL_CONVERSION = YES;
				CLANG_WARN_OBJC_IMPLICIT_RETAIN_SELF = YES;
				CLANG_WARN_OBJC_LITERAL_CONVERSION = YES;
				CLANG_WARN_OBJC_ROOT_CLASS = YES_ERROR;
				CLANG_WARN_QUOTED_INCLUDE_IN_FRAMEWORK_HEADER = YES;
				CLANG_WARN_RANGE_LOOP_ANALYSIS = YES;
				CLANG_WARN_STRICT_PROTOTYPES = YES;
				CLANG_WARN_SUSPICIOUS_MOVE = YES;
				CLANG_WARN_UNGUARDED_AVAILABILITY = YES_AGGRESSIVE;
				CLANG_WARN_UNREACHABLE_CODE = YES;
				CLANG_WARN__DUPLICATE_METHOD_MATCH = YES;
				COPY_PHASE_STRIP = NO;
				DEBUG_INFORMATION_FORMAT = "dwarf-with-dsym";
				ENABLE_NS_ASSERTIONS = NO;
				ENABLE_STRICT_OBJC_MSGSEND = YES;
				ENABLE_USER_SCRIPT_SANDBOXING = YES;
				GCC_C_LANGUAGE_STANDARD = gnu17;
				GCC_NO_COMMON_BLOCKS = YES;
				GCC_WARN_64_TO_32_BIT_CONVERSION = YES;
				GCC_WARN_ABOUT_RETURN_TYPE = YES_ERROR;
				GCC_WARN_UNDECLARED_SELECTOR = YES;
				GCC_WARN_UNINITIALIZED_AUTOS = YES_AGGRESSIVE;
				GCC_WARN_UNUSED_FUNCTION = YES;
				GCC_WARN_UNUSED_VARIABLE = YES;
				IPHONEOS_DEPLOYMENT_TARGET = 17.2;
				LOCALIZATION_PREFERS_STRING_CATALOGS = YES;
				MTL_ENABLE_DEBUG_INFO = NO;
				MTL_FAST_MATH = YES;
				SDKROOT = iphoneos;
				SWIFT_COMPILATION_MODE = wholemodule;
				VALIDATE_PRODUCT = YES;
			};
			name = Release;
		};
		92F7045B2B5D9BB4007389E8 /* Debug */ = {
			isa = XCBuildConfiguration;
			buildSettings = {
				ASSETCATALOG_COMPILER_APPICON_NAME = AppIcon;
				ASSETCATALOG_COMPILER_GLOBAL_ACCENT_COLOR_NAME = AccentColor;
				CODE_SIGN_STYLE = Automatic;
				CURRENT_PROJECT_VERSION = 1;
				DEVELOPMENT_TEAM = B2NXVX5DN9;
				GENERATE_INFOPLIST_FILE = YES;
				INFOPLIST_FILE = Project7/Info.plist;
				INFOPLIST_KEY_UIApplicationSupportsIndirectInputEvents = YES;
				INFOPLIST_KEY_UILaunchStoryboardName = LaunchScreen;
				INFOPLIST_KEY_UIMainStoryboardFile = Main;
				INFOPLIST_KEY_UISupportedInterfaceOrientations_iPad = "UIInterfaceOrientationPortrait UIInterfaceOrientationPortraitUpsideDown UIInterfaceOrientationLandscapeLeft UIInterfaceOrientationLandscapeRight";
				INFOPLIST_KEY_UISupportedInterfaceOrientations_iPhone = "UIInterfaceOrientationPortrait UIInterfaceOrientationLandscapeLeft UIInterfaceOrientationLandscapeRight";
				LD_RUNPATH_SEARCH_PATHS = (
					"$(inherited)",
					"@executable_path/Frameworks",
				);
				MARKETING_VERSION = 1.0;
				PRODUCT_BUNDLE_IDENTIFIER = Zach.Project7;
				PRODUCT_NAME = "$(TARGET_NAME)";
				SWIFT_EMIT_LOC_STRINGS = YES;
				SWIFT_VERSION = 5.0;
				TARGETED_DEVICE_FAMILY = "1,2";
			};
			name = Debug;
		};
		92F7045C2B5D9BB4007389E8 /* Release */ = {
			isa = XCBuildConfiguration;
			buildSettings = {
				ASSETCATALOG_COMPILER_APPICON_NAME = AppIcon;
				ASSETCATALOG_COMPILER_GLOBAL_ACCENT_COLOR_NAME = AccentColor;
				CODE_SIGN_STYLE = Automatic;
				CURRENT_PROJECT_VERSION = 1;
				DEVELOPMENT_TEAM = B2NXVX5DN9;
				GENERATE_INFOPLIST_FILE = YES;
				INFOPLIST_FILE = Project7/Info.plist;
				INFOPLIST_KEY_UIApplicationSupportsIndirectInputEvents = YES;
				INFOPLIST_KEY_UILaunchStoryboardName = LaunchScreen;
				INFOPLIST_KEY_UIMainStoryboardFile = Main;
				INFOPLIST_KEY_UISupportedInterfaceOrientations_iPad = "UIInterfaceOrientationPortrait UIInterfaceOrientationPortraitUpsideDown UIInterfaceOrientationLandscapeLeft UIInterfaceOrientationLandscapeRight";
				INFOPLIST_KEY_UISupportedInterfaceOrientations_iPhone = "UIInterfaceOrientationPortrait UIInterfaceOrientationLandscapeLeft UIInterfaceOrientationLandscapeRight";
				LD_RUNPATH_SEARCH_PATHS = (
					"$(inherited)",
					"@executable_path/Frameworks",
				);
				MARKETING_VERSION = 1.0;
				PRODUCT_BUNDLE_IDENTIFIER = Zach.Project7;
				PRODUCT_NAME = "$(TARGET_NAME)";
				SWIFT_EMIT_LOC_STRINGS = YES;
				SWIFT_VERSION = 5.0;
				TARGETED_DEVICE_FAMILY = "1,2";
			};
			name = Release;
		};
/* End XCBuildConfiguration section */

/* Begin XCConfigurationList section */
		92F704412B5D9BB3007389E8 /* Build configuration list for PBXProject "Project9" */ = {
			isa = XCConfigurationList;
			buildConfigurations = (
				92F704582B5D9BB4007389E8 /* Debug */,
				92F704592B5D9BB4007389E8 /* Release */,
			);
			defaultConfigurationIsVisible = 0;
			defaultConfigurationName = Release;
		};
		92F7045A2B5D9BB4007389E8 /* Build configuration list for PBXNativeTarget "Project9" */ = {
			isa = XCConfigurationList;
			buildConfigurations = (
				92F7045B2B5D9BB4007389E8 /* Debug */,
				92F7045C2B5D9BB4007389E8 /* Release */,
			);
			defaultConfigurationIsVisible = 0;
			defaultConfigurationName = Release;
		};
/* End XCConfigurationList section */
	};
	rootObject = 92F7043E2B5D9BB3007389E8 /* Project object */;
}
