// !$*UTF8*$!
{
	archiveVersion = 1;
	classes = {
	};
	objectVersion = 56;
	objects = {

/* Begin PBXBuildFile section */
		9271BF682B7377A80009D89F /* level1.txt in Resources */ = {isa = PBXBuildFile; fileRef = 9271BF672B7377A70009D89F /* level1.txt */; };
		9271BF6A2B7382370009D89F /* notes.txt in Resources */ = {isa = PBXBuildFile; fileRef = 9271BF692B7382370009D89F /* notes.txt */; };
		9271BF6C2B7698160009D89F /* level2.txt in Resources */ = {isa = PBXBuildFile; fileRef = 9271BF6B2B7698160009D89F /* level2.txt */; };
		92B2A0E72B715F4B003BA655 /* AppDelegate.swift in Sources */ = {isa = PBXBuildFile; fileRef = 92B2A0E62B715F4B003BA655 /* AppDelegate.swift */; };
		92B2A0E92B715F4B003BA655 /* SceneDelegate.swift in Sources */ = {isa = PBXBuildFile; fileRef = 92B2A0E82B715F4B003BA655 /* SceneDelegate.swift */; };
		92B2A0EB2B715F4B003BA655 /* ViewController.swift in Sources */ = {isa = PBXBuildFile; fileRef = 92B2A0EA2B715F4B003BA655 /* ViewController.swift */; };
		92B2A0EE2B715F4B003BA655 /* Main.storyboard in Resources */ = {isa = PBXBuildFile; fileRef = 92B2A0EC2B715F4B003BA655 /* Main.storyboard */; };
		92B2A0F02B715F4C003BA655 /* Assets.xcassets in Resources */ = {isa = PBXBuildFile; fileRef = 92B2A0EF2B715F4C003BA655 /* Assets.xcassets */; };
		92B2A0F32B715F4C003BA655 /* LaunchScreen.storyboard in Resources */ = {isa = PBXBuildFile; fileRef = 92B2A0F12B715F4C003BA655 /* LaunchScreen.storyboard */; };
/* End PBXBuildFile section */

/* Begin PBXFileReference section */
		9271BF672B7377A70009D89F /* level1.txt */ = {isa = PBXFileReference; fileEncoding = 4; lastKnownFileType = text; path = level1.txt; sourceTree = SOURCE_ROOT; };
		9271BF692B7382370009D89F /* notes.txt */ = {isa = PBXFileReference; lastKnownFileType = text; path = notes.txt; sourceTree = "<group>"; };
		9271BF6B2B7698160009D89F /* level2.txt */ = {isa = PBXFileReference; fileEncoding = 4; lastKnownFileType = text; path = level2.txt; sourceTree = SOURCE_ROOT; };
		92B2A0E32B715F4B003BA655 /* Project8_LittleWords_Game_hw.app */ = {isa = PBXFileReference; explicitFileType = wrapper.application; includeInIndex = 0; path = Project8_LittleWords_Game_hw.app; sourceTree = BUILT_PRODUCTS_DIR; };
		92B2A0E62B715F4B003BA655 /* AppDelegate.swift */ = {isa = PBXFileReference; lastKnownFileType = sourcecode.swift; path = AppDelegate.swift; sourceTree = "<group>"; };
		92B2A0E82B715F4B003BA655 /* SceneDelegate.swift */ = {isa = PBXFileReference; lastKnownFileType = sourcecode.swift; path = SceneDelegate.swift; sourceTree = "<group>"; };
		92B2A0EA2B715F4B003BA655 /* ViewController.swift */ = {isa = PBXFileReference; lastKnownFileType = sourcecode.swift; path = ViewController.swift; sourceTree = "<group>"; };
		92B2A0ED2B715F4B003BA655 /* Base */ = {isa = PBXFileReference; lastKnownFileType = file.storyboard; name = Base; path = Base.lproj/Main.storyboard; sourceTree = "<group>"; };
		92B2A0EF2B715F4C003BA655 /* Assets.xcassets */ = {isa = PBXFileReference; lastKnownFileType = folder.assetcatalog; path = Assets.xcassets; sourceTree = "<group>"; };
		92B2A0F22B715F4C003BA655 /* Base */ = {isa = PBXFileReference; lastKnownFileType = file.storyboard; name = Base; path = Base.lproj/LaunchScreen.storyboard; sourceTree = "<group>"; };
		92B2A0F42B715F4C003BA655 /* Info.plist */ = {isa = PBXFileReference; lastKnownFileType = text.plist.xml; path = Info.plist; sourceTree = "<group>"; };
/* End PBXFileReference section */

/* Begin PBXFrameworksBuildPhase section */
		92B2A0E02B715F4B003BA655 /* Frameworks */ = {
			isa = PBXFrameworksBuildPhase;
			buildActionMask = 2147483647;
			files = (
			);
			runOnlyForDeploymentPostprocessing = 0;
		};
/* End PBXFrameworksBuildPhase section */

/* Begin PBXGroup section */
		92B2A0DA2B715F4B003BA655 = {
			isa = PBXGroup;
			children = (
				92B2A0E52B715F4B003BA655 /* project8_LittleWords_Game */,
				92B2A0E42B715F4B003BA655 /* Products */,
			);
			sourceTree = "<group>";
		};
		92B2A0E42B715F4B003BA655 /* Products */ = {
			isa = PBXGroup;
			children = (
				92B2A0E32B715F4B003BA655 /* Project8_LittleWords_Game_hw.app */,
			);
			name = Products;
			sourceTree = "<group>";
		};
		92B2A0E52B715F4B003BA655 /* project8_LittleWords_Game */ = {
			isa = PBXGroup;
			children = (
				92B2A0E62B715F4B003BA655 /* AppDelegate.swift */,
				92B2A0E82B715F4B003BA655 /* SceneDelegate.swift */,
				92B2A0EA2B715F4B003BA655 /* ViewController.swift */,
				92B2A0EC2B715F4B003BA655 /* Main.storyboard */,
				92B2A0EF2B715F4C003BA655 /* Assets.xcassets */,
				9271BF672B7377A70009D89F /* level1.txt */,
				9271BF6B2B7698160009D89F /* level2.txt */,
				92B2A0F12B715F4C003BA655 /* LaunchScreen.storyboard */,
				92B2A0F42B715F4C003BA655 /* Info.plist */,
				9271BF692B7382370009D89F /* notes.txt */,
			);
			path = project8_LittleWords_Game;
			sourceTree = "<group>";
		};
/* End PBXGroup section */

/* Begin PBXNativeTarget section */
		92B2A0E22B715F4B003BA655 /* Project8_LittleWords_Game_hw */ = {
			isa = PBXNativeTarget;
			buildConfigurationList = 92B2A0F72B715F4C003BA655 /* Build configuration list for PBXNativeTarget "Project8_LittleWords_Game_hw" */;
			buildPhases = (
				92B2A0DF2B715F4B003BA655 /* Sources */,
				92B2A0E02B715F4B003BA655 /* Frameworks */,
				92B2A0E12B715F4B003BA655 /* Resources */,
			);
			buildRules = (
			);
			dependencies = (
			);
			name = Project8_LittleWords_Game_hw;
			productName = project8_LittleWords_Game;
			productReference = 92B2A0E32B715F4B003BA655 /* Project8_LittleWords_Game_hw.app */;
			productType = "com.apple.product-type.application";
		};
/* End PBXNativeTarget section */

/* Begin PBXProject section */
		92B2A0DB2B715F4B003BA655 /* Project object */ = {
			isa = PBXProject;
			attributes = {
				BuildIndependentTargetsInParallel = 1;
				LastSwiftUpdateCheck = 1520;
				LastUpgradeCheck = 1520;
				TargetAttributes = {
					92B2A0E22B715F4B003BA655 = {
						CreatedOnToolsVersion = 15.2;
					};
				};
			};
			buildConfigurationList = 92B2A0DE2B715F4B003BA655 /* Build configuration list for PBXProject "Project8_LittleWords_Game_hw" */;
			compatibilityVersion = "Xcode 14.0";
			developmentRegion = en;
			hasScannedForEncodings = 0;
			knownRegions = (
				en,
				Base,
			);
			mainGroup = 92B2A0DA2B715F4B003BA655;
			productRefGroup = 92B2A0E42B715F4B003BA655 /* Products */;
			projectDirPath = "";
			projectRoot = "";
			targets = (
				92B2A0E22B715F4B003BA655 /* Project8_LittleWords_Game_hw */,
			);
		};
/* End PBXProject section */

/* Begin PBXResourcesBuildPhase section */
		92B2A0E12B715F4B003BA655 /* Resources */ = {
			isa = PBXResourcesBuildPhase;
			buildActionMask = 2147483647;
			files = (
				92B2A0F32B715F4C003BA655 /* LaunchScreen.storyboard in Resources */,
				9271BF682B7377A80009D89F /* level1.txt in Resources */,
				9271BF6C2B7698160009D89F /* level2.txt in Resources */,
				9271BF6A2B7382370009D89F /* notes.txt in Resources */,
				92B2A0F02B715F4C003BA655 /* Assets.xcassets in Resources */,
				92B2A0EE2B715F4B003BA655 /* Main.storyboard in Resources */,
			);
			runOnlyForDeploymentPostprocessing = 0;
		};
/* End PBXResourcesBuildPhase section */

/* Begin PBXSourcesBuildPhase section */
		92B2A0DF2B715F4B003BA655 /* Sources */ = {
			isa = PBXSourcesBuildPhase;
			buildActionMask = 2147483647;
			files = (
				92B2A0EB2B715F4B003BA655 /* ViewController.swift in Sources */,
				92B2A0E72B715F4B003BA655 /* AppDelegate.swift in Sources */,
				92B2A0E92B715F4B003BA655 /* SceneDelegate.swift in Sources */,
			);
			runOnlyForDeploymentPostprocessing = 0;
		};
/* End PBXSourcesBuildPhase section */

/* Begin PBXVariantGroup section */
		92B2A0EC2B715F4B003BA655 /* Main.storyboard */ = {
			isa = PBXVariantGroup;
			children = (
				92B2A0ED2B715F4B003BA655 /* Base */,
			);
			name = Main.storyboard;
			sourceTree = "<group>";
		};
		92B2A0F12B715F4C003BA655 /* LaunchScreen.storyboard */ = {
			isa = PBXVariantGroup;
			children = (
				92B2A0F22B715F4C003BA655 /* Base */,
			);
			name = LaunchScreen.storyboard;
			sourceTree = "<group>";
		};
/* End PBXVariantGroup section */

/* Begin XCBuildConfiguration section */
		92B2A0F52B715F4C003BA655 /* Debug */ = {
			isa = XCBuildConfiguration;
			buildSettings = {
				ALWAYS_SEARCH_USER_PATHS = NO;
				ASSETCATALOG_COMPILER_GENERATE_SWIFT_ASSET_SYMBOL_EXTENSIONS = YES;
				CLANG_ANALYZER_NONNULL = YES;
				CLANG_ANALYZER_NUMBER_OBJECT_CONVERSION = YES_AGGRESSIVE;
				CLANG_CXX_LANGUAGE_STANDARD = "gnu++20";
				CLANG_ENABLE_MODULES = YES;
				CLANG_ENABLE_OBJC_ARC = YES;
				CLANG_ENABLE_OBJC_WEAK = YES;
				CLANG_WARN_BLOCK_CAPTURE_AUTORELEASING = YES;
				CLANG_WARN_BOOL_CONVERSION = YES;
				CLANG_WARN_COMMA = YES;
				CLANG_WARN_CONSTANT_CONVERSION = YES;
				CLANG_WARN_DEPRECATED_OBJC_IMPLEMENTATIONS = YES;
				CLANG_WARN_DIRECT_OBJC_ISA_USAGE = YES_ERROR;
				CLANG_WARN_DOCUMENTATION_COMMENTS = YES;
				CLANG_WARN_EMPTY_BODY = YES;
				CLANG_WARN_ENUM_CONVERSION = YES;
				CLANG_WARN_INFINITE_RECURSION = YES;
				CLANG_WARN_INT_CONVERSION = YES;
				CLANG_WARN_NON_LITERAL_NULL_CONVERSION = YES;
				CLANG_WARN_OBJC_IMPLICIT_RETAIN_SELF = YES;
				CLANG_WARN_OBJC_LITERAL_CONVERSION = YES;
				CLANG_WARN_OBJC_ROOT_CLASS = YES_ERROR;
				CLANG_WARN_QUOTED_INCLUDE_IN_FRAMEWORK_HEADER = YES;
				CLANG_WARN_RANGE_LOOP_ANALYSIS = YES;
				CLANG_WARN_STRICT_PROTOTYPES = YES;
				CLANG_WARN_SUSPICIOUS_MOVE = YES;
				CLANG_WARN_UNGUARDED_AVAILABILITY = YES_AGGRESSIVE;
				CLANG_WARN_UNREACHABLE_CODE = YES;
				CLANG_WARN__DUPLICATE_METHOD_MATCH = YES;
				COPY_PHASE_STRIP = NO;
				DEBUG_INFORMATION_FORMAT = dwarf;
				ENABLE_STRICT_OBJC_MSGSEND = YES;
				ENABLE_TESTABILITY = YES;
				ENABLE_USER_SCRIPT_SANDBOXING = YES;
				GCC_C_LANGUAGE_STANDARD = gnu17;
				GCC_DYNAMIC_NO_PIC = NO;
				GCC_NO_COMMON_BLOCKS = YES;
				GCC_OPTIMIZATION_LEVEL = 0;
				GCC_PREPROCESSOR_DEFINITIONS = (
					"DEBUG=1",
					"$(inherited)",
				);
				GCC_WARN_64_TO_32_BIT_CONVERSION = YES;
				GCC_WARN_ABOUT_RETURN_TYPE = YES_ERROR;
				GCC_WARN_UNDECLARED_SELECTOR = YES;
				GCC_WARN_UNINITIALIZED_AUTOS = YES_AGGRESSIVE;
				GCC_WARN_UNUSED_FUNCTION = YES;
				GCC_WARN_UNUSED_VARIABLE = YES;
				IPHONEOS_DEPLOYMENT_TARGET = 17.2;
				LOCALIZATION_PREFERS_STRING_CATALOGS = YES;
				MTL_ENABLE_DEBUG_INFO = INCLUDE_SOURCE;
				MTL_FAST_MATH = YES;
				ONLY_ACTIVE_ARCH = YES;
				SDKROOT = iphoneos;
				SWIFT_ACTIVE_COMPILATION_CONDITIONS = "DEBUG $(inherited)";
				SWIFT_OPTIMIZATION_LEVEL = "-Onone";
			};
			name = Debug;
		};
		92B2A0F62B715F4C003BA655 /* Release */ = {
			isa = XCBuildConfiguration;
			buildSettings = {
				ALWAYS_SEARCH_USER_PATHS = NO;
				ASSETCATALOG_COMPILER_GENERATE_SWIFT_ASSET_SYMBOL_EXTENSIONS = YES;
				CLANG_ANALYZER_NONNULL = YES;
				CLANG_ANALYZER_NUMBER_OBJECT_CONVERSION = YES_AGGRESSIVE;
				CLANG_CXX_LANGUAGE_STANDARD = "gnu++20";
				CLANG_ENABLE_MODULES = YES;
				CLANG_ENABLE_OBJC_ARC = YES;
				CLANG_ENABLE_OBJC_WEAK = YES;
				CLANG_WARN_BLOCK_CAPTURE_AUTORELEASING = YES;
				CLANG_WARN_BOOL_CONVERSION = YES;
				CLANG_WARN_COMMA = YES;
				CLANG_WARN_CONSTANT_CONVERSION = YES;
				CLANG_WARN_DEPRECATED_OBJC_IMPLEMENTATIONS = YES;
				CLANG_WARN_DIRECT_OBJC_ISA_USAGE = YES_ERROR;
				CLANG_WARN_DOCUMENTATION_COMMENTS = YES;
				CLANG_WARN_EMPTY_BODY = YES;
				CLANG_WARN_ENUM_CONVERSION = YES;
				CLANG_WARN_INFINITE_RECURSION = YES;
				CLANG_WARN_INT_CONVERSION = YES;
				CLANG_WARN_NON_LITERAL_NULL_CONVERSION = YES;
				CLANG_WARN_OBJC_IMPLICIT_RETAIN_SELF = YES;
				CLANG_WARN_OBJC_LITERAL_CONVERSION = YES;
				CLANG_WARN_OBJC_ROOT_CLASS = YES_ERROR;
				CLANG_WARN_QUOTED_INCLUDE_IN_FRAMEWORK_HEADER = YES;
				CLANG_WARN_RANGE_LOOP_ANALYSIS = YES;
				CLANG_WARN_STRICT_PROTOTYPES = YES;
				CLANG_WARN_SUSPICIOUS_MOVE = YES;
				CLANG_WARN_UNGUARDED_AVAILABILITY = YES_AGGRESSIVE;
				CLANG_WARN_UNREACHABLE_CODE = YES;
				CLANG_WARN__DUPLICATE_METHOD_MATCH = YES;
				COPY_PHASE_STRIP = NO;
				DEBUG_INFORMATION_FORMAT = "dwarf-with-dsym";
				ENABLE_NS_ASSERTIONS = NO;
				ENABLE_STRICT_OBJC_MSGSEND = YES;
				ENABLE_USER_SCRIPT_SANDBOXING = YES;
				GCC_C_LANGUAGE_STANDARD = gnu17;
				GCC_NO_COMMON_BLOCKS = YES;
				GCC_WARN_64_TO_32_BIT_CONVERSION = YES;
				GCC_WARN_ABOUT_RETURN_TYPE = YES_ERROR;
				GCC_WARN_UNDECLARED_SELECTOR = YES;
				GCC_WARN_UNINITIALIZED_AUTOS = YES_AGGRESSIVE;
				GCC_WARN_UNUSED_FUNCTION = YES;
				GCC_WARN_UNUSED_VARIABLE = YES;
				IPHONEOS_DEPLOYMENT_TARGET = 17.2;
				LOCALIZATION_PREFERS_STRING_CATALOGS = YES;
				MTL_ENABLE_DEBUG_INFO = NO;
				MTL_FAST_MATH = YES;
				SDKROOT = iphoneos;
				SWIFT_COMPILATION_MODE = wholemodule;
				VALIDATE_PRODUCT = YES;
			};
			name = Release;
		};
		92B2A0F82B715F4C003BA655 /* Debug */ = {
			isa = XCBuildConfiguration;
			buildSettings = {
				ASSETCATALOG_COMPILER_APPICON_NAME = AppIcon;
				ASSETCATALOG_COMPILER_GLOBAL_ACCENT_COLOR_NAME = AccentColor;
				CODE_SIGN_STYLE = Automatic;
				CURRENT_PROJECT_VERSION = 1;
				DEVELOPMENT_TEAM = B2NXVX5DN9;
				GENERATE_INFOPLIST_FILE = YES;
				INFOPLIST_FILE = project8_LittleWords_Game/Info.plist;
				INFOPLIST_KEY_CFBundleDisplayName = "Little Words";
				INFOPLIST_KEY_LSApplicationCategoryType = "public.app-category.games";
				INFOPLIST_KEY_UIApplicationSupportsIndirectInputEvents = YES;
				INFOPLIST_KEY_UILaunchStoryboardName = LaunchScreen;
				INFOPLIST_KEY_UIMainStoryboardFile = Main;
				INFOPLIST_KEY_UISupportedInterfaceOrientations_iPad = "UIInterfaceOrientationPortrait UIInterfaceOrientationPortraitUpsideDown UIInterfaceOrientationLandscapeLeft UIInterfaceOrientationLandscapeRight";
				INFOPLIST_KEY_UISupportedInterfaceOrientations_iPhone = "UIInterfaceOrientationPortrait UIInterfaceOrientationLandscapeLeft UIInterfaceOrientationLandscapeRight";
				LD_RUNPATH_SEARCH_PATHS = (
					"$(inherited)",
					"@executable_path/Frameworks",
				);
				MARKETING_VERSION = 1.0;
				PRODUCT_BUNDLE_IDENTIFIER = "Zach.project8-LittleWords-Game";
				PRODUCT_NAME = "$(TARGET_NAME)";
				SUPPORTED_PLATFORMS = "iphoneos iphonesimulator";
				SUPPORTS_MACCATALYST = NO;
				SWIFT_EMIT_LOC_STRINGS = YES;
				SWIFT_VERSION = 5.0;
				TARGETED_DEVICE_FAMILY = "1,2";
			};
			name = Debug;
		};
		92B2A0F92B715F4C003BA655 /* Release */ = {
			isa = XCBuildConfiguration;
			buildSettings = {
				ASSETCATALOG_COMPILER_APPICON_NAME = AppIcon;
				ASSETCATALOG_COMPILER_GLOBAL_ACCENT_COLOR_NAME = AccentColor;
				CODE_SIGN_STYLE = Automatic;
				CURRENT_PROJECT_VERSION = 1;
				DEVELOPMENT_TEAM = B2NXVX5DN9;
				GENERATE_INFOPLIST_FILE = YES;
				INFOPLIST_FILE = project8_LittleWords_Game/Info.plist;
				INFOPLIST_KEY_CFBundleDisplayName = "Little Words";
				INFOPLIST_KEY_LSApplicationCategoryType = "public.app-category.games";
				INFOPLIST_KEY_UIApplicationSupportsIndirectInputEvents = YES;
				INFOPLIST_KEY_UILaunchStoryboardName = LaunchScreen;
				INFOPLIST_KEY_UIMainStoryboardFile = Main;
				INFOPLIST_KEY_UISupportedInterfaceOrientations_iPad = "UIInterfaceOrientationPortrait UIInterfaceOrientationPortraitUpsideDown UIInterfaceOrientationLandscapeLeft UIInterfaceOrientationLandscapeRight";
				INFOPLIST_KEY_UISupportedInterfaceOrientations_iPhone = "UIInterfaceOrientationPortrait UIInterfaceOrientationLandscapeLeft UIInterfaceOrientationLandscapeRight";
				LD_RUNPATH_SEARCH_PATHS = (
					"$(inherited)",
					"@executable_path/Frameworks",
				);
				MARKETING_VERSION = 1.0;
				PRODUCT_BUNDLE_IDENTIFIER = "Zach.project8-LittleWords-Game";
				PRODUCT_NAME = "$(TARGET_NAME)";
				SUPPORTED_PLATFORMS = "iphoneos iphonesimulator";
				SUPPORTS_MACCATALYST = NO;
				SWIFT_EMIT_LOC_STRINGS = YES;
				SWIFT_VERSION = 5.0;
				TARGETED_DEVICE_FAMILY = "1,2";
			};
			name = Release;
		};
/* End XCBuildConfiguration section */

/* Begin XCConfigurationList section */
		92B2A0DE2B715F4B003BA655 /* Build configuration list for PBXProject "Project8_LittleWords_Game_hw" */ = {
			isa = XCConfigurationList;
			buildConfigurations = (
				92B2A0F52B715F4C003BA655 /* Debug */,
				92B2A0F62B715F4C003BA655 /* Release */,
			);
			defaultConfigurationIsVisible = 0;
			defaultConfigurationName = Release;
		};
		92B2A0F72B715F4C003BA655 /* Build configuration list for PBXNativeTarget "Project8_LittleWords_Game_hw" */ = {
			isa = XCConfigurationList;
			buildConfigurations = (
				92B2A0F82B715F4C003BA655 /* Debug */,
				92B2A0F92B715F4C003BA655 /* Release */,
			);
			defaultConfigurationIsVisible = 0;
			defaultConfigurationName = Release;
		};
/* End XCConfigurationList section */
	};
	rootObject = 92B2A0DB2B715F4B003BA655 /* Project object */;
}
